
Microsoft Visual Studio Solution File, Format Version 12.00
# Visual Studio 15
VisualStudioVersion = 15.0.26124.0
MinimumVisualStudioVersion = 15.0.26124.0
Project("{2150E333-8FDC-42A3-9474-1A3956D46DE8}") = "src", "src", "{C2F1145A-03BA-4537-ADC4-78666808EC40}"
EndProject
Project("{FAE04EC0-301F-11D3-BF4B-00C04F79EFBC}") = "RendleLabs.MetaImage", "src\RendleLabs.MetaImage\RendleLabs.MetaImage.csproj", "{808BD4C0-66BF-4DB7-B463-A74ED3FD6D2E}"
EndProject
Project("{FAE04EC0-301F-11D3-BF4B-00C04F79EFBC}") = "RendleLabs.InfluxDB", "src\RendleLabs.InfluxDB\RendleLabs.InfluxDB.csproj", "{0B2D30AD-7A7D-4A5D-9E4C-944641D856BC}"
EndProject
Project("{FAE04EC0-301F-11D3-BF4B-00C04F79EFBC}") = "RendleLabs.InfluxDB.DiagnosticSourceListener", "src\RendleLabs.InfluxDB.DiagnosticSourceListener\RendleLabs.InfluxDB.DiagnosticSourceListener.csproj", "{8CBCDDA6-228A-40CF-9ED8-90AD3F47A1C2}"
EndProject
Global
	GlobalSection(SolutionConfigurationPlatforms) = preSolution
		Debug|Any CPU = Debug|Any CPU
		Debug|x64 = Debug|x64
		Debug|x86 = Debug|x86
		Release|Any CPU = Release|Any CPU
		Release|x64 = Release|x64
		Release|x86 = Release|x86
	EndGlobalSection
	GlobalSection(SolutionProperties) = preSolution
		HideSolutionNode = FALSE
	EndGlobalSection
	GlobalSection(ProjectConfigurationPlatforms) = postSolution
		{808BD4C0-66BF-4DB7-B463-A74ED3FD6D2E}.Debug|Any CPU.ActiveCfg = Debug|Any CPU
		{808BD4C0-66BF-4DB7-B463-A74ED3FD6D2E}.Debug|Any CPU.Build.0 = Debug|Any CPU
		{808BD4C0-66BF-4DB7-B463-A74ED3FD6D2E}.Debug|x64.ActiveCfg = Debug|Any CPU
		{808BD4C0-66BF-4DB7-B463-A74ED3FD6D2E}.Debug|x64.Build.0 = Debug|Any CPU
		{808BD4C0-66BF-4DB7-B463-A74ED3FD6D2E}.Debug|x86.ActiveCfg = Debug|Any CPU
		{808BD4C0-66BF-4DB7-B463-A74ED3FD6D2E}.Debug|x86.Build.0 = Debug|Any CPU
		{808BD4C0-66BF-4DB7-B463-A74ED3FD6D2E}.Release|Any CPU.ActiveCfg = Release|Any CPU
		{808BD4C0-66BF-4DB7-B463-A74ED3FD6D2E}.Release|Any CPU.Build.0 = Release|Any CPU
		{808BD4C0-66BF-4DB7-B463-A74ED3FD6D2E}.Release|x64.ActiveCfg = Release|Any CPU
		{808BD4C0-66BF-4DB7-B463-A74ED3FD6D2E}.Release|x64.Build.0 = Release|Any CPU
		{808BD4C0-66BF-4DB7-B463-A74ED3FD6D2E}.Release|x86.ActiveCfg = Release|Any CPU
		{808BD4C0-66BF-4DB7-B463-A74ED3FD6D2E}.Release|x86.Build.0 = Release|Any CPU
		{0B2D30AD-7A7D-4A5D-9E4C-944641D856BC}.Debug|Any CPU.ActiveCfg = Debug|Any CPU
		{0B2D30AD-7A7D-4A5D-9E4C-944641D856BC}.Debug|Any CPU.Build.0 = Debug|Any CPU
		{0B2D30AD-7A7D-4A5D-9E4C-944641D856BC}.Debug|x64.ActiveCfg = Debug|Any CPU
		{0B2D30AD-7A7D-4A5D-9E4C-944641D856BC}.Debug|x64.Build.0 = Debug|Any CPU
		{0B2D30AD-7A7D-4A5D-9E4C-944641D856BC}.Debug|x86.ActiveCfg = Debug|Any CPU
		{0B2D30AD-7A7D-4A5D-9E4C-944641D856BC}.Debug|x86.Build.0 = Debug|Any CPU
		{0B2D30AD-7A7D-4A5D-9E4C-944641D856BC}.Release|Any CPU.ActiveCfg = Release|Any CPU
		{0B2D30AD-7A7D-4A5D-9E4C-944641D856BC}.Release|Any CPU.Build.0 = Release|Any CPU
		{0B2D30AD-7A7D-4A5D-9E4C-944641D856BC}.Release|x64.ActiveCfg = Release|Any CPU
		{0B2D30AD-7A7D-4A5D-9E4C-944641D856BC}.Release|x64.Build.0 = Release|Any CPU
		{0B2D30AD-7A7D-4A5D-9E4C-944641D856BC}.Release|x86.ActiveCfg = Release|Any CPU
		{0B2D30AD-7A7D-4A5D-9E4C-944641D856BC}.Release|x86.Build.0 = Release|Any CPU
		{8CBCDDA6-228A-40CF-9ED8-90AD3F47A1C2}.Debug|Any CPU.ActiveCfg = Debug|Any CPU
		{8CBCDDA6-228A-40CF-9ED8-90AD3F47A1C2}.Debug|Any CPU.Build.0 = Debug|Any CPU
		{8CBCDDA6-228A-40CF-9ED8-90AD3F47A1C2}.Debug|x64.ActiveCfg = Debug|Any CPU
		{8CBCDDA6-228A-40CF-9ED8-90AD3F47A1C2}.Debug|x64.Build.0 = Debug|Any CPU
		{8CBCDDA6-228A-40CF-9ED8-90AD3F47A1C2}.Debug|x86.ActiveCfg = Debug|Any CPU
		{8CBCDDA6-228A-40CF-9ED8-90AD3F47A1C2}.Debug|x86.Build.0 = Debug|Any CPU
		{8CBCDDA6-228A-40CF-9ED8-90AD3F47A1C2}.Release|Any CPU.ActiveCfg = Release|Any CPU
		{8CBCDDA6-228A-40CF-9ED8-90AD3F47A1C2}.Release|Any CPU.Build.0 = Release|Any CPU
		{8CBCDDA6-228A-40CF-9ED8-90AD3F47A1C2}.Release|x64.ActiveCfg = Release|Any CPU
		{8CBCDDA6-228A-40CF-9ED8-90AD3F47A1C2}.Release|x64.Build.0 = Release|Any CPU
		{8CBCDDA6-228A-40CF-9ED8-90AD3F47A1C2}.Release|x86.ActiveCfg = Release|Any CPU
		{8CBCDDA6-228A-40CF-9ED8-90AD3F47A1C2}.Release|x86.Build.0 = Release|Any CPU
	EndGlobalSection
	GlobalSection(NestedProjects) = preSolution
		{808BD4C0-66BF-4DB7-B463-A74ED3FD6D2E} = {C2F1145A-03BA-4537-ADC4-78666808EC40}
		{0B2D30AD-7A7D-4A5D-9E4C-944641D856BC} = {C2F1145A-03BA-4537-ADC4-78666808EC40}
		{8CBCDDA6-228A-40CF-9ED8-90AD3F47A1C2} = {C2F1145A-03BA-4537-ADC4-78666808EC40}
	EndGlobalSection
EndGlobal
